metadata:
  code: EH
  fia_code: 261
  scientific_name: ''
  common_name: eastern hemlock
  valid_site_species: true
  fvs_index: 12
site_index:
  min: 30
  max: 90
density:
  sdi_max: 450
height_diameter:
  model: curtis_arney
  curtis_arney:
    p2: 266.456
    p3: 3.993
    p4: -0.386
    dbw: 0.1
diameter_growth:
  model: ls_dds
  coefficients:
    INTERC: 3.2309
    VDBHC: -11.816
    DBHC: 0.0
    DBH2C: 0.0
    RDBHC: 0.0
    RDBHSQC: 0.0
    SBAC: -0.00166
    BALC: 0.0
    CRWNC: 0.01535
    CRSQC: 0.0
    SITEC: 0.00676
mortality:
  shade_tolerance: 0.7
